
Microsoft Visual Studio Solution File, Format Version 12.00
# Visual Studio Version 16
VisualStudioVersion = 16.0.29306.81
MinimumVisualStudioVersion = 10.0.40219.1
Project("{FAE04EC0-301F-11D3-BF4B-00C04F79EFBC}") = "e044", "e044\e044.csproj", "{9D3B908D-9837-4D16-BA90-B5C32B1BEF58}"
EndProject
Global
	GlobalSection(SolutionConfigurationPlatforms) = preSolution
		Debug|Any CPU = Debug|Any CPU
		Release|Any CPU = Release|Any CPU
	EndGlobalSection
	GlobalSection(ProjectConfigurationPlatforms) = postSolution
		{9D3B908D-9837-4D16-BA90-B5C32B1BEF58}.Debug|Any CPU.ActiveCfg = Debug|Any CPU
		{9D3B908D-9837-4D16-BA90-B5C32B1BEF58}.Debug|Any CPU.Build.0 = Debug|Any CPU
		{9D3B908D-9837-4D16-BA90-B5C32B1BEF58}.Release|Any CPU.ActiveCfg = Release|Any CPU
		{9D3B908D-9837-4D16-BA90-B5C32B1BEF58}.Release|Any CPU.Build.0 = Release|Any CPU
	EndGlobalSection
	GlobalSection(SolutionProperties) = preSolution
		HideSolutionNode = FALSE
	EndGlobalSection
	GlobalSection(ExtensibilityGlobals) = postSolution
		SolutionGuid = {716A0F24-6171-4661-A199-FB990CB77E7C}
	EndGlobalSection
EndGlobal
